PODS:
  - Flutter (1.0.0)
  - iumeng (0.0.1):
    - Flutter
    - UMAPM (~> 1.6.3)
    - UMCCommonLog (~> 2.0.2)
    - UMCommon (~> 7.3.7)
    - UMDevice (~> 2.2.1)
    - UMPush (~> 4.0.2)
  - UMAPM (1.6.3)
  - UMCCommonLog (2.0.2)
  - UMCommon (7.3.7):
    - UMDevice
  - UMDevice (2.2.1)
  - UMPush (4.0.2):
    - UMCommon

DEPENDENCIES:
  - Flutter (from `Flutter`)
  - iumeng (from `.symlinks/plugins/iumeng/ios`)

SPEC REPOS:
  trunk:
    - UMAPM
    - UMCCommonLog
    - UMCommon
    - UMDevice
    - UMPush

EXTERNAL SOURCES:
  Flutter:
    :path: Flutter
  iumeng:
    :path: ".symlinks/plugins/iumeng/ios"

SPEC CHECKSUMS:
  Flutter: 50d75fe2f02b26cc09d224853bb45737f8b3214a
  iumeng: c98bbed9e1dc077c656f96d2e32cc8b7e7bf57eb
  UMAPM: 76db9514ceb4c94c44cfa143498860626ca0dda5
  UMCCommonLog: bea707e50c85cef4b0eb47cc5c7226bb843245ca
  UMCommon: 37fe35f498e92cf57bbb06a086f02915fc35f211
  UMDevice: 053478c4b4d7292f31f0a275c227d3c4007a5571
  UMPush: c420e1cf2d1c96f1257f390bc626314fb7e6d9e6

PODFILE CHECKSUM: 8e679eca47255a8ca8067c4c67aab20e64cb974d

COCOAPODS: 1.11.3
